
Microsoft Visual Studio Solution File, Format Version 11.00
# Visual Studio 2010
Project("{FAE04EC0-301F-11D3-BF4B-00C04F79EFBC}") = "coolbunny.common", "coolbunny.common\coolbunny.common.csproj", "{E9309763-E4F0-448D-85CD-F8ABD7A53FAF}"
EndProject
Project("{FAE04EC0-301F-11D3-BF4B-00C04F79EFBC}") = "coolbunny.tests.common", "coolbunny.tests.common\coolbunny.tests.common.csproj", "{6E90B152-151B-4DC7-9A05-6F0BC0436FB1}"
EndProject
Project("{FAE04EC0-301F-11D3-BF4B-00C04F79EFBC}") = "coolbunny.ravendal", "coolbunny.ravendal\coolbunny.ravendal.csproj", "{00AC31E6-8CE2-468B-8989-895EBD9ED836}"
EndProject
Project("{FAE04EC0-301F-11D3-BF4B-00C04F79EFBC}") = "coolbunny.web.common", "coolbunny.web.common\coolbunny.web.common.csproj", "{7CEE7A03-0060-4506-A86F-CF32063A2102}"
EndProject
Global
	GlobalSection(SolutionConfigurationPlatforms) = preSolution
		Debug|Any CPU = Debug|Any CPU
		Release|Any CPU = Release|Any CPU
	EndGlobalSection
	GlobalSection(ProjectConfigurationPlatforms) = postSolution
		{E9309763-E4F0-448D-85CD-F8ABD7A53FAF}.Debug|Any CPU.ActiveCfg = Debug|Any CPU
		{E9309763-E4F0-448D-85CD-F8ABD7A53FAF}.Debug|Any CPU.Build.0 = Debug|Any CPU
		{E9309763-E4F0-448D-85CD-F8ABD7A53FAF}.Release|Any CPU.ActiveCfg = Release|Any CPU
		{E9309763-E4F0-448D-85CD-F8ABD7A53FAF}.Release|Any CPU.Build.0 = Release|Any CPU
		{6E90B152-151B-4DC7-9A05-6F0BC0436FB1}.Debug|Any CPU.ActiveCfg = Debug|Any CPU
		{6E90B152-151B-4DC7-9A05-6F0BC0436FB1}.Debug|Any CPU.Build.0 = Debug|Any CPU
		{6E90B152-151B-4DC7-9A05-6F0BC0436FB1}.Release|Any CPU.ActiveCfg = Release|Any CPU
		{6E90B152-151B-4DC7-9A05-6F0BC0436FB1}.Release|Any CPU.Build.0 = Release|Any CPU
		{00AC31E6-8CE2-468B-8989-895EBD9ED836}.Debug|Any CPU.ActiveCfg = Debug|Any CPU
		{00AC31E6-8CE2-468B-8989-895EBD9ED836}.Debug|Any CPU.Build.0 = Debug|Any CPU
		{00AC31E6-8CE2-468B-8989-895EBD9ED836}.Release|Any CPU.ActiveCfg = Release|Any CPU
		{00AC31E6-8CE2-468B-8989-895EBD9ED836}.Release|Any CPU.Build.0 = Release|Any CPU
		{7CEE7A03-0060-4506-A86F-CF32063A2102}.Debug|Any CPU.ActiveCfg = Debug|Any CPU
		{7CEE7A03-0060-4506-A86F-CF32063A2102}.Debug|Any CPU.Build.0 = Debug|Any CPU
		{7CEE7A03-0060-4506-A86F-CF32063A2102}.Release|Any CPU.ActiveCfg = Release|Any CPU
		{7CEE7A03-0060-4506-A86F-CF32063A2102}.Release|Any CPU.Build.0 = Release|Any CPU
	EndGlobalSection
	GlobalSection(SolutionProperties) = preSolution
		HideSolutionNode = FALSE
	EndGlobalSection
EndGlobal
